<Solution>
  <Project Path="UnityEngine.SpatialTracking.csproj" />
  <Project Path="Unity.XR.CoreUtils.csproj" />
  <Project Path="Unity.Barracuda.csproj" />
  <Project Path="UnityEngine.TestRunner.csproj" />
  <Project Path="UnityEngine.UI.csproj" />
  <Project Path="UnityEngine.XR.LegacyInputHelpers.csproj" />
  <Project Path="Unity.Mathematics.csproj" />
  <Project Path="Unity.XR.ARFoundation.csproj" />
  <Project Path="Unity.XR.ARSubsystems.csproj" />
  <Project Path="Unity.Barracuda.ONNX.csproj" />
  <Project Path="Unity.XR.ARCore.csproj" />
  <Project Path="Unity.Burst.csproj" />
  <Project Path="Unity.TextMeshPro.csproj" />
  <Project Path="Assembly-CSharp.csproj" />
  <Project Path="Unity.XR.Management.csproj" />
  <Project Path="Unity.Subsystem.Registration.csproj" />
  <Project Path="Unity.Barracuda.BurstBLAS.csproj" />
  <Project Path="Unity.Barracuda.iOSBLAS.csproj" />
  <Project Path="Unity.Barracuda.MacBLAS.csproj" />
  <Project Path="UnityEditor.TestRunner.csproj" />
  <Project Path="Unity.XR.Management.Editor.csproj" />
  <Project Path="Unity.Burst.CodeGen.csproj" />
  <Project Path="UnityEditor.UI.csproj" />
  <Project Path="Unity.VisualStudio.Editor.csproj" />
  <Project Path="Unity.XR.ARFoundation.Editor.csproj" />
  <Project Path="Unity.TextMeshPro.Editor.csproj" />
  <Project Path="Unity.Burst.Editor.csproj" />
  <Project Path="Unity.XR.CoreUtils.Editor.csproj" />
  <Project Path="UnityEditor.XR.LegacyInputHelpers.csproj" />
  <Project Path="Unity.XR.ARCore.Editor.csproj" />
  <Project Path="Unity.Mathematics.Editor.csproj" />
  <Project Path="Unity.XR.ARSubsystems.Editor.csproj" />
  <Project Path="Unity.InternalAPIEditorBridge.005.csproj" />
  <Project Path="UnityEditor.SpatialTracking.csproj" />
  <Project Path="Unity.Barracuda.Editor.csproj" />
</Solution>
